
Microsoft Visual Studio Solution File, Format Version 12.00
# Visual Studio Version 17
VisualStudioVersion = 17.9.34714.143
MinimumVisualStudioVersion = 10.0.40219.1
Project("{FAE04EC0-301F-11D3-BF4B-00C04F79EFBC}") = "ZornCoOSC", "ZornCoOSC\ZornCoOSC.csproj", "{BE9FFEC4-88F8-428C-AAB1-DF8CB505EE41}"
EndProject
Global
	GlobalSection(SolutionConfigurationPlatforms) = preSolution
		Debug|Any CPU = Debug|Any CPU
		Release|Any CPU = Release|Any CPU
	EndGlobalSection
	GlobalSection(ProjectConfigurationPlatforms) = postSolution
		{BE9FFEC4-88F8-428C-AAB1-DF8CB505EE41}.Debug|Any CPU.ActiveCfg = Debug|Any CPU
		{BE9FFEC4-88F8-428C-AAB1-DF8CB505EE41}.Debug|Any CPU.Build.0 = Debug|Any CPU
		{BE9FFEC4-88F8-428C-AAB1-DF8CB505EE41}.Release|Any CPU.ActiveCfg = Release|Any CPU
		{BE9FFEC4-88F8-428C-AAB1-DF8CB505EE41}.Release|Any CPU.Build.0 = Release|Any CPU
	EndGlobalSection
	GlobalSection(SolutionProperties) = preSolution
		HideSolutionNode = FALSE
	EndGlobalSection
	GlobalSection(ExtensibilityGlobals) = postSolution
		SolutionGuid = {E2D3901D-2635-4C32-B25E-C00F50EA3940}
	EndGlobalSection
EndGlobal
